
Microsoft Visual Studio Solution File, Format Version 12.00
# Visual Studio Version 16
VisualStudioVersion = 16.0.29613.14
MinimumVisualStudioVersion = 10.0.40219.1
Project("{FAE04EC0-301F-11D3-BF4B-00C04F79EFBC}") = "lab5", "lab1\lab5.csproj", "{DA632339-B7B5-4E33-B7D8-93D1E8539773}"
EndProject
Global
	GlobalSection(SolutionConfigurationPlatforms) = preSolution
		Debug|Any CPU = Debug|Any CPU
		Release|Any CPU = Release|Any CPU
	EndGlobalSection
	GlobalSection(ProjectConfigurationPlatforms) = postSolution
		{DA632339-B7B5-4E33-B7D8-93D1E8539773}.Debug|Any CPU.ActiveCfg = Debug|Any CPU
		{DA632339-B7B5-4E33-B7D8-93D1E8539773}.Debug|Any CPU.Build.0 = Debug|Any CPU
		{DA632339-B7B5-4E33-B7D8-93D1E8539773}.Release|Any CPU.ActiveCfg = Release|Any CPU
		{DA632339-B7B5-4E33-B7D8-93D1E8539773}.Release|Any CPU.Build.0 = Release|Any CPU
	EndGlobalSection
	GlobalSection(SolutionProperties) = preSolution
		HideSolutionNode = FALSE
	EndGlobalSection
	GlobalSection(ExtensibilityGlobals) = postSolution
		SolutionGuid = {B9137E7F-3B1B-4249-85E6-32B432755528}
	EndGlobalSection
EndGlobal
